// !$*UTF8*$!
{
	archiveVersion = 1;
	classes = {
	};
	objectVersion = 56;
	objects = {

/* Begin PBXBuildFile section */
		5D1418D92B18CF37006D3F37 /* UserModel.swift in Sources */ = {isa = PBXBuildFile; fileRef = 5D1418D82B18CF37006D3F37 /* UserModel.swift */; };
		5D1418DC2B18D34C006D3F37 /* UserProvider.swift in Sources */ = {isa = PBXBuildFile; fileRef = 5D1418DB2B18D34C006D3F37 /* UserProvider.swift */; };
		5D370BFC2AFD1896001089A7 /* AppDelegate.swift in Sources */ = {isa = PBXBuildFile; fileRef = 5D370BFB2AFD1896001089A7 /* AppDelegate.swift */; };
		5D370BFE2AFD1896001089A7 /* SceneDelegate.swift in Sources */ = {isa = PBXBuildFile; fileRef = 5D370BFD2AFD1896001089A7 /* SceneDelegate.swift */; };
		5D370C002AFD1896001089A7 /* ViewController.swift in Sources */ = {isa = PBXBuildFile; fileRef = 5D370BFF2AFD1896001089A7 /* ViewController.swift */; };
		5D370C032AFD1896001089A7 /* Main.storyboard in Resources */ = {isa = PBXBuildFile; fileRef = 5D370C012AFD1896001089A7 /* Main.storyboard */; };
		5D370C062AFD1896001089A7 /* FinalProject_GroupB.xcdatamodeld in Sources */ = {isa = PBXBuildFile; fileRef = 5D370C042AFD1896001089A7 /* FinalProject_GroupB.xcdatamodeld */; };
		5D370C082AFD1898001089A7 /* Assets.xcassets in Resources */ = {isa = PBXBuildFile; fileRef = 5D370C072AFD1898001089A7 /* Assets.xcassets */; };
		5D370C0B2AFD1898001089A7 /* LaunchScreen.storyboard in Resources */ = {isa = PBXBuildFile; fileRef = 5D370C092AFD1898001089A7 /* LaunchScreen.storyboard */; };
		5D5D6FDE2B1F794C00768D88 /* Context.swift in Sources */ = {isa = PBXBuildFile; fileRef = 5D5D6FDD2B1F794C00768D88 /* Context.swift */; };
		5D5D6FEF2B1F798600768D88 /* FrenchVerbInfinitiveModel.swift in Sources */ = {isa = PBXBuildFile; fileRef = 5D5D6FE52B1F798600768D88 /* FrenchVerbInfinitiveModel.swift */; };
		5D5D6FF02B1F798600768D88 /* FrenchVerbParticipeModel.swift in Sources */ = {isa = PBXBuildFile; fileRef = 5D5D6FE62B1F798600768D88 /* FrenchVerbParticipeModel.swift */; };
		5D5D6FF12B1F798600768D88 /* FrenchVerbConditionnelModel.swift in Sources */ = {isa = PBXBuildFile; fileRef = 5D5D6FE72B1F798600768D88 /* FrenchVerbConditionnelModel.swift */; };
		5D5D6FF22B1F798600768D88 /* example.json in Resources */ = {isa = PBXBuildFile; fileRef = 5D5D6FE82B1F798600768D88 /* example.json */; };
		5D5D6FF32B1F798600768D88 /* FrenchVerbModel.swift in Sources */ = {isa = PBXBuildFile; fileRef = 5D5D6FE92B1F798600768D88 /* FrenchVerbModel.swift */; };
		5D5D6FF42B1F798600768D88 /* FrenchVerbImperatifModel.swift in Sources */ = {isa = PBXBuildFile; fileRef = 5D5D6FEA2B1F798600768D88 /* FrenchVerbImperatifModel.swift */; };
		5D5D6FF52B1F798600768D88 /* FrenchVerbIndicatifModel.swift in Sources */ = {isa = PBXBuildFile; fileRef = 5D5D6FEB2B1F798600768D88 /* FrenchVerbIndicatifModel.swift */; };
		5D5D6FF62B1F798600768D88 /* FrenchVerbSubjonctifModel.swift in Sources */ = {isa = PBXBuildFile; fileRef = 5D5D6FEC2B1F798600768D88 /* FrenchVerbSubjonctifModel.swift */; };
		5D5D6FFB2B1F7A1900768D88 /* FrenchVerbAPI.swift in Sources */ = {isa = PBXBuildFile; fileRef = 5D5D6FF92B1F7A1900768D88 /* FrenchVerbAPI.swift */; };
		5D5D6FFC2B1F7A1900768D88 /* API.swift in Sources */ = {isa = PBXBuildFile; fileRef = 5D5D6FFA2B1F7A1900768D88 /* API.swift */; };
		5D8BFF6A2B06606F00CA58C6 /* TableViewController.swift in Sources */ = {isa = PBXBuildFile; fileRef = 5D8BFF692B06606F00CA58C6 /* TableViewController.swift */; };
		5D8BFF6C2B06622300CA58C6 /* SignUpViewController.swift in Sources */ = {isa = PBXBuildFile; fileRef = 5D8BFF6B2B06622300CA58C6 /* SignUpViewController.swift */; };
		5DCDCABD2B1633FE00DB0D3D /* Validation.swift in Sources */ = {isa = PBXBuildFile; fileRef = 5DCDCABC2B1633FE00DB0D3D /* Validation.swift */; };
		5DF9F86A2B03C3BC0032D5A5 /* VerbModel.swift in Sources */ = {isa = PBXBuildFile; fileRef = 5DF9F8692B03C3BC0032D5A5 /* VerbModel.swift */; };
		5DF9F86C2B03C7B60032D5A5 /* enumSegue.swift in Sources */ = {isa = PBXBuildFile; fileRef = 5DF9F86B2B03C7B60032D5A5 /* enumSegue.swift */; };
		5DF9F86E2B03CFCB0032D5A5 /* VerbModeModel.swift in Sources */ = {isa = PBXBuildFile; fileRef = 5DF9F86D2B03CFCB0032D5A5 /* VerbModeModel.swift */; };
		5DF9F8702B03CFF20032D5A5 /* VerbTenseModel.swift in Sources */ = {isa = PBXBuildFile; fileRef = 5DF9F86F2B03CFF20032D5A5 /* VerbTenseModel.swift */; };
		5DF9F8722B03DA1A0032D5A5 /* MainViewController.swift in Sources */ = {isa = PBXBuildFile; fileRef = 5DF9F8712B03DA1A0032D5A5 /* MainViewController.swift */; };
		5DF9F8752B03DC070032D5A5 /* SplashScreen.gif in Resources */ = {isa = PBXBuildFile; fileRef = 5DF9F8742B03DC070032D5A5 /* SplashScreen.gif */; };
/* End PBXBuildFile section */

/* Begin PBXFileReference section */
		5D1418D82B18CF37006D3F37 /* UserModel.swift */ = {isa = PBXFileReference; lastKnownFileType = sourcecode.swift; path = UserModel.swift; sourceTree = "<group>"; };
		5D1418DB2B18D34C006D3F37 /* UserProvider.swift */ = {isa = PBXFileReference; lastKnownFileType = sourcecode.swift; path = UserProvider.swift; sourceTree = "<group>"; };
		5D370BF82AFD1896001089A7 /* FinalProject_GroupB.app */ = {isa = PBXFileReference; explicitFileType = wrapper.application; includeInIndex = 0; path = FinalProject_GroupB.app; sourceTree = BUILT_PRODUCTS_DIR; };
		5D370BFB2AFD1896001089A7 /* AppDelegate.swift */ = {isa = PBXFileReference; lastKnownFileType = sourcecode.swift; path = AppDelegate.swift; sourceTree = "<group>"; };
		5D370BFD2AFD1896001089A7 /* SceneDelegate.swift */ = {isa = PBXFileReference; lastKnownFileType = sourcecode.swift; path = SceneDelegate.swift; sourceTree = "<group>"; };
		5D370BFF2AFD1896001089A7 /* ViewController.swift */ = {isa = PBXFileReference; lastKnownFileType = sourcecode.swift; path = ViewController.swift; sourceTree = "<group>"; };
		5D370C022AFD1896001089A7 /* Base */ = {isa = PBXFileReference; lastKnownFileType = file.storyboard; name = Base; path = Base.lproj/Main.storyboard; sourceTree = "<group>"; };
		5D370C052AFD1896001089A7 /* FinalProject_GroupB.xcdatamodel */ = {isa = PBXFileReference; lastKnownFileType = wrapper.xcdatamodel; path = FinalProject_GroupB.xcdatamodel; sourceTree = "<group>"; };
		5D370C072AFD1898001089A7 /* Assets.xcassets */ = {isa = PBXFileReference; lastKnownFileType = folder.assetcatalog; path = Assets.xcassets; sourceTree = "<group>"; };
		5D370C0A2AFD1898001089A7 /* Base */ = {isa = PBXFileReference; lastKnownFileType = file.storyboard; name = Base; path = Base.lproj/LaunchScreen.storyboard; sourceTree = "<group>"; };
		5D370C0C2AFD1898001089A7 /* Info.plist */ = {isa = PBXFileReference; lastKnownFileType = text.plist.xml; path = Info.plist; sourceTree = "<group>"; };
		5D5D6FDD2B1F794C00768D88 /* Context.swift */ = {isa = PBXFileReference; lastKnownFileType = sourcecode.swift; path = Context.swift; sourceTree = "<group>"; };
		5D5D6FE52B1F798600768D88 /* FrenchVerbInfinitiveModel.swift */ = {isa = PBXFileReference; fileEncoding = 4; lastKnownFileType = sourcecode.swift; path = FrenchVerbInfinitiveModel.swift; sourceTree = "<group>"; };
		5D5D6FE62B1F798600768D88 /* FrenchVerbParticipeModel.swift */ = {isa = PBXFileReference; fileEncoding = 4; lastKnownFileType = sourcecode.swift; path = FrenchVerbParticipeModel.swift; sourceTree = "<group>"; };
		5D5D6FE72B1F798600768D88 /* FrenchVerbConditionnelModel.swift */ = {isa = PBXFileReference; fileEncoding = 4; lastKnownFileType = sourcecode.swift; path = FrenchVerbConditionnelModel.swift; sourceTree = "<group>"; };
		5D5D6FE82B1F798600768D88 /* example.json */ = {isa = PBXFileReference; fileEncoding = 4; lastKnownFileType = text.json; path = example.json; sourceTree = "<group>"; };
		5D5D6FE92B1F798600768D88 /* FrenchVerbModel.swift */ = {isa = PBXFileReference; fileEncoding = 4; lastKnownFileType = sourcecode.swift; path = FrenchVerbModel.swift; sourceTree = "<group>"; };
		5D5D6FEA2B1F798600768D88 /* FrenchVerbImperatifModel.swift */ = {isa = PBXFileReference; fileEncoding = 4; lastKnownFileType = sourcecode.swift; path = FrenchVerbImperatifModel.swift; sourceTree = "<group>"; };
		5D5D6FEB2B1F798600768D88 /* FrenchVerbIndicatifModel.swift */ = {isa = PBXFileReference; fileEncoding = 4; lastKnownFileType = sourcecode.swift; path = FrenchVerbIndicatifModel.swift; sourceTree = "<group>"; };
		5D5D6FEC2B1F798600768D88 /* FrenchVerbSubjonctifModel.swift */ = {isa = PBXFileReference; fileEncoding = 4; lastKnownFileType = sourcecode.swift; path = FrenchVerbSubjonctifModel.swift; sourceTree = "<group>"; };
		5D5D6FF92B1F7A1900768D88 /* FrenchVerbAPI.swift */ = {isa = PBXFileReference; fileEncoding = 4; lastKnownFileType = sourcecode.swift; path = FrenchVerbAPI.swift; sourceTree = "<group>"; };
		5D5D6FFA2B1F7A1900768D88 /* API.swift */ = {isa = PBXFileReference; fileEncoding = 4; lastKnownFileType = sourcecode.swift; path = API.swift; sourceTree = "<group>"; };
		5D8BFF692B06606F00CA58C6 /* TableViewController.swift */ = {isa = PBXFileReference; lastKnownFileType = sourcecode.swift; path = TableViewController.swift; sourceTree = "<group>"; };
		5D8BFF6B2B06622300CA58C6 /* SignUpViewController.swift */ = {isa = PBXFileReference; lastKnownFileType = sourcecode.swift; path = SignUpViewController.swift; sourceTree = "<group>"; };
		5DCDCABC2B1633FE00DB0D3D /* Validation.swift */ = {isa = PBXFileReference; lastKnownFileType = sourcecode.swift; path = Validation.swift; sourceTree = "<group>"; };
		5DF9F8692B03C3BC0032D5A5 /* VerbModel.swift */ = {isa = PBXFileReference; lastKnownFileType = sourcecode.swift; path = VerbModel.swift; sourceTree = "<group>"; };
		5DF9F86B2B03C7B60032D5A5 /* enumSegue.swift */ = {isa = PBXFileReference; lastKnownFileType = sourcecode.swift; path = enumSegue.swift; sourceTree = "<group>"; };
		5DF9F86D2B03CFCB0032D5A5 /* VerbModeModel.swift */ = {isa = PBXFileReference; lastKnownFileType = sourcecode.swift; path = VerbModeModel.swift; sourceTree = "<group>"; };
		5DF9F86F2B03CFF20032D5A5 /* VerbTenseModel.swift */ = {isa = PBXFileReference; lastKnownFileType = sourcecode.swift; path = VerbTenseModel.swift; sourceTree = "<group>"; };
		5DF9F8712B03DA1A0032D5A5 /* MainViewController.swift */ = {isa = PBXFileReference; lastKnownFileType = sourcecode.swift; path = MainViewController.swift; sourceTree = "<group>"; };
		5DF9F8742B03DC070032D5A5 /* SplashScreen.gif */ = {isa = PBXFileReference; lastKnownFileType = image.gif; path = SplashScreen.gif; sourceTree = "<group>"; };
/* End PBXFileReference section */

/* Begin PBXFrameworksBuildPhase section */
		5D370BF52AFD1896001089A7 /* Frameworks */ = {
			isa = PBXFrameworksBuildPhase;
			buildActionMask = 2147483647;
			files = (
			);
			runOnlyForDeploymentPostprocessing = 0;
		};
/* End PBXFrameworksBuildPhase section */

/* Begin PBXGroup section */
		5D1418DA2B18D330006D3F37 /* Services */ = {
			isa = PBXGroup;
			children = (
				5D1418DB2B18D34C006D3F37 /* UserProvider.swift */,
			);
			path = Services;
			sourceTree = "<group>";
		};
		5D370BEF2AFD1896001089A7 = {
			isa = PBXGroup;
			children = (
				5D370BFA2AFD1896001089A7 /* FinalProject_GroupB */,
				5D370BF92AFD1896001089A7 /* Products */,
			);
			sourceTree = "<group>";
		};
		5D370BF92AFD1896001089A7 /* Products */ = {
			isa = PBXGroup;
			children = (
				5D370BF82AFD1896001089A7 /* FinalProject_GroupB.app */,
			);
			name = Products;
			sourceTree = "<group>";
		};
		5D370BFA2AFD1896001089A7 /* FinalProject_GroupB */ = {
			isa = PBXGroup;
			children = (
				5D370C142AFD1929001089A7 /* View */,
				5D5D6FE42B1F798600768D88 /* Model */,
				5D5D6FDF2B1F798600768D88 /* Service */,
				5D5D6FDC2B1F793E00768D88 /* Shared */,
				5D1418DA2B18D330006D3F37 /* Services */,
				5DCDCABB2B1633CF00DB0D3D /* Helpers */,
				5DF9F8732B03DBE20032D5A5 /* Splash Screen */,
				5D370C132AFD1916001089A7 /* Source */,
				5D370C122AFD1900001089A7 /* Controller */,
				5D370C072AFD1898001089A7 /* Assets.xcassets */,
				5D370C092AFD1898001089A7 /* LaunchScreen.storyboard */,
				5D370C0C2AFD1898001089A7 /* Info.plist */,
				5D370C042AFD1896001089A7 /* FinalProject_GroupB.xcdatamodeld */,
				5D370BFD2AFD1896001089A7 /* SceneDelegate.swift */,
				5D370BFB2AFD1896001089A7 /* AppDelegate.swift */,
			);
			path = FinalProject_GroupB;
			sourceTree = "<group>";
		};
		5D370C122AFD1900001089A7 /* Controller */ = {
			isa = PBXGroup;
			children = (
				5D370BFF2AFD1896001089A7 /* ViewController.swift */,
				5DF9F8712B03DA1A0032D5A5 /* MainViewController.swift */,
				5D8BFF692B06606F00CA58C6 /* TableViewController.swift */,
				5D8BFF6B2B06622300CA58C6 /* SignUpViewController.swift */,
			);
			path = Controller;
			sourceTree = "<group>";
		};
		5D370C132AFD1916001089A7 /* Source */ = {
			isa = PBXGroup;
			children = (
				5DF9F86B2B03C7B60032D5A5 /* enumSegue.swift */,
			);
			path = Source;
			sourceTree = "<group>";
		};
		5D370C142AFD1929001089A7 /* View */ = {
			isa = PBXGroup;
			children = (
				5D370C012AFD1896001089A7 /* Main.storyboard */,
			);
			path = View;
			sourceTree = "<group>";
		};
		5D5D6FDC2B1F793E00768D88 /* Shared */ = {
			isa = PBXGroup;
			children = (
				5D5D6FDD2B1F794C00768D88 /* Context.swift */,
			);
			path = Shared;
			sourceTree = "<group>";
		};
		5D5D6FDF2B1F798600768D88 /* Service */ = {
			isa = PBXGroup;
			children = (
				5D5D6FF72B1F7A1900768D88 /* API */,
			);
			path = Service;
			sourceTree = "<group>";
		};
		5D5D6FE42B1F798600768D88 /* Model */ = {
			isa = PBXGroup;
			children = (
				5DF9F8692B03C3BC0032D5A5 /* VerbModel.swift */,
				5DF9F86D2B03CFCB0032D5A5 /* VerbModeModel.swift */,
				5DF9F86F2B03CFF20032D5A5 /* VerbTenseModel.swift */,
				5D1418D82B18CF37006D3F37 /* UserModel.swift */,
				5D5D6FE52B1F798600768D88 /* FrenchVerbInfinitiveModel.swift */,
				5D5D6FE62B1F798600768D88 /* FrenchVerbParticipeModel.swift */,
				5D5D6FE72B1F798600768D88 /* FrenchVerbConditionnelModel.swift */,
				5D5D6FE82B1F798600768D88 /* example.json */,
				5D5D6FE92B1F798600768D88 /* FrenchVerbModel.swift */,
				5D5D6FEA2B1F798600768D88 /* FrenchVerbImperatifModel.swift */,
				5D5D6FEB2B1F798600768D88 /* FrenchVerbIndicatifModel.swift */,
				5D5D6FEC2B1F798600768D88 /* FrenchVerbSubjonctifModel.swift */,
			);
			name = Model;
			path = ../../Model;
			sourceTree = "<group>";
		};
		5D5D6FF72B1F7A1900768D88 /* API */ = {
			isa = PBXGroup;
			children = (
				5D5D6FF82B1F7A1900768D88 /* FrenchVerbAPI */,
				5D5D6FFA2B1F7A1900768D88 /* API.swift */,
			);
			name = API;
			path = ../API;
			sourceTree = "<group>";
		};
		5D5D6FF82B1F7A1900768D88 /* FrenchVerbAPI */ = {
			isa = PBXGroup;
			children = (
				5D5D6FF92B1F7A1900768D88 /* FrenchVerbAPI.swift */,
			);
			path = FrenchVerbAPI;
			sourceTree = "<group>";
		};
		5DCDCABB2B1633CF00DB0D3D /* Helpers */ = {
			isa = PBXGroup;
			children = (
				5DCDCABC2B1633FE00DB0D3D /* Validation.swift */,
			);
			path = Helpers;
			sourceTree = "<group>";
		};
		5DF9F8732B03DBE20032D5A5 /* Splash Screen */ = {
			isa = PBXGroup;
			children = (
				5DF9F8742B03DC070032D5A5 /* SplashScreen.gif */,
			);
			path = "Splash Screen";
			sourceTree = "<group>";
		};
/* End PBXGroup section */

/* Begin PBXNativeTarget section */
		5D370BF72AFD1896001089A7 /* FinalProject_GroupB */ = {
			isa = PBXNativeTarget;
			buildConfigurationList = 5D370C0F2AFD1898001089A7 /* Build configuration list for PBXNativeTarget "FinalProject_GroupB" */;
			buildPhases = (
				5D370BF42AFD1896001089A7 /* Sources */,
				5D370BF52AFD1896001089A7 /* Frameworks */,
				5D370BF62AFD1896001089A7 /* Resources */,
			);
			buildRules = (
			);
			dependencies = (
			);
			name = FinalProject_GroupB;
			productName = FinalProject_GroupB;
			productReference = 5D370BF82AFD1896001089A7 /* FinalProject_GroupB.app */;
			productType = "com.apple.product-type.application";
		};
/* End PBXNativeTarget section */

/* Begin PBXProject section */
		5D370BF02AFD1896001089A7 /* Project object */ = {
			isa = PBXProject;
			attributes = {
				BuildIndependentTargetsInParallel = 1;
				LastSwiftUpdateCheck = 1430;
				LastUpgradeCheck = 1430;
				TargetAttributes = {
					5D370BF72AFD1896001089A7 = {
						CreatedOnToolsVersion = 14.3;
					};
				};
			};
			buildConfigurationList = 5D370BF32AFD1896001089A7 /* Build configuration list for PBXProject "FinalProject_GroupB" */;
			compatibilityVersion = "Xcode 14.0";
			developmentRegion = en;
			hasScannedForEncodings = 0;
			knownRegions = (
				en,
				Base,
			);
			mainGroup = 5D370BEF2AFD1896001089A7;
			productRefGroup = 5D370BF92AFD1896001089A7 /* Products */;
			projectDirPath = "";
			projectRoot = "";
			targets = (
				5D370BF72AFD1896001089A7 /* FinalProject_GroupB */,
			);
		};
/* End PBXProject section */

/* Begin PBXResourcesBuildPhase section */
		5D370BF62AFD1896001089A7 /* Resources */ = {
			isa = PBXResourcesBuildPhase;
			buildActionMask = 2147483647;
			files = (
				5DF9F8752B03DC070032D5A5 /* SplashScreen.gif in Resources */,
				5D5D6FF22B1F798600768D88 /* example.json in Resources */,
				5D370C0B2AFD1898001089A7 /* LaunchScreen.storyboard in Resources */,
				5D370C082AFD1898001089A7 /* Assets.xcassets in Resources */,
				5D370C032AFD1896001089A7 /* Main.storyboard in Resources */,
			);
			runOnlyForDeploymentPostprocessing = 0;
		};
/* End PBXResourcesBuildPhase section */

/* Begin PBXSourcesBuildPhase section */
		5D370BF42AFD1896001089A7 /* Sources */ = {
			isa = PBXSourcesBuildPhase;
			buildActionMask = 2147483647;
			files = (
				5D8BFF6C2B06622300CA58C6 /* SignUpViewController.swift in Sources */,
				5DF9F86C2B03C7B60032D5A5 /* enumSegue.swift in Sources */,
				5D370C002AFD1896001089A7 /* ViewController.swift in Sources */,
				5D5D6FDE2B1F794C00768D88 /* Context.swift in Sources */,
				5D5D6FF42B1F798600768D88 /* FrenchVerbImperatifModel.swift in Sources */,
				5D370BFC2AFD1896001089A7 /* AppDelegate.swift in Sources */,
				5D8BFF6A2B06606F00CA58C6 /* TableViewController.swift in Sources */,
				5D5D6FFB2B1F7A1900768D88 /* FrenchVerbAPI.swift in Sources */,
				5D5D6FFC2B1F7A1900768D88 /* API.swift in Sources */,
				5D1418D92B18CF37006D3F37 /* UserModel.swift in Sources */,
				5DF9F86A2B03C3BC0032D5A5 /* VerbModel.swift in Sources */,
				5D5D6FF02B1F798600768D88 /* FrenchVerbParticipeModel.swift in Sources */,
				5DF9F86E2B03CFCB0032D5A5 /* VerbModeModel.swift in Sources */,
				5D370C062AFD1896001089A7 /* FinalProject_GroupB.xcdatamodeld in Sources */,
				5DF9F8722B03DA1A0032D5A5 /* MainViewController.swift in Sources */,
				5D5D6FF12B1F798600768D88 /* FrenchVerbConditionnelModel.swift in Sources */,
				5DF9F8702B03CFF20032D5A5 /* VerbTenseModel.swift in Sources */,
				5D5D6FF62B1F798600768D88 /* FrenchVerbSubjonctifModel.swift in Sources */,
				5D1418DC2B18D34C006D3F37 /* UserProvider.swift in Sources */,
				5D5D6FF32B1F798600768D88 /* FrenchVerbModel.swift in Sources */,
				5D5D6FEF2B1F798600768D88 /* FrenchVerbInfinitiveModel.swift in Sources */,
				5D5D6FF52B1F798600768D88 /* FrenchVerbIndicatifModel.swift in Sources */,
				5DCDCABD2B1633FE00DB0D3D /* Validation.swift in Sources */,
				5D370BFE2AFD1896001089A7 /* SceneDelegate.swift in Sources */,
			);
			runOnlyForDeploymentPostprocessing = 0;
		};
/* End PBXSourcesBuildPhase section */

/* Begin PBXVariantGroup section */
		5D370C012AFD1896001089A7 /* Main.storyboard */ = {
			isa = PBXVariantGroup;
			children = (
				5D370C022AFD1896001089A7 /* Base */,
			);
			name = Main.storyboard;
			sourceTree = "<group>";
		};
		5D370C092AFD1898001089A7 /* LaunchScreen.storyboard */ = {
			isa = PBXVariantGroup;
			children = (
				5D370C0A2AFD1898001089A7 /* Base */,
			);
			name = LaunchScreen.storyboard;
			sourceTree = "<group>";
		};
/* End PBXVariantGroup section */

/* Begin XCBuildConfiguration section */
		5D370C0D2AFD1898001089A7 /* Debug */ = {
			isa = XCBuildConfiguration;
			buildSettings = {
				ALWAYS_SEARCH_USER_PATHS = NO;
				CLANG_ANALYZER_NONNULL = YES;
				CLANG_ANALYZER_NUMBER_OBJECT_CONVERSION = YES_AGGRESSIVE;
				CLANG_CXX_LANGUAGE_STANDARD = "gnu++20";
				CLANG_ENABLE_MODULES = YES;
				CLANG_ENABLE_OBJC_ARC = YES;
				CLANG_ENABLE_OBJC_WEAK = YES;
				CLANG_WARN_BLOCK_CAPTURE_AUTORELEASING = YES;
				CLANG_WARN_BOOL_CONVERSION = YES;
				CLANG_WARN_COMMA = YES;
				CLANG_WARN_CONSTANT_CONVERSION = YES;
				CLANG_WARN_DEPRECATED_OBJC_IMPLEMENTATIONS = YES;
				CLANG_WARN_DIRECT_OBJC_ISA_USAGE = YES_ERROR;
				CLANG_WARN_DOCUMENTATION_COMMENTS = YES;
				CLANG_WARN_EMPTY_BODY = YES;
				CLANG_WARN_ENUM_CONVERSION = YES;
				CLANG_WARN_INFINITE_RECURSION = YES;
				CLANG_WARN_INT_CONVERSION = YES;
				CLANG_WARN_NON_LITERAL_NULL_CONVERSION = YES;
				CLANG_WARN_OBJC_IMPLICIT_RETAIN_SELF = YES;
				CLANG_WARN_OBJC_LITERAL_CONVERSION = YES;
				CLANG_WARN_OBJC_ROOT_CLASS = YES_ERROR;
				CLANG_WARN_QUOTED_INCLUDE_IN_FRAMEWORK_HEADER = YES;
				CLANG_WARN_RANGE_LOOP_ANALYSIS = YES;
				CLANG_WARN_STRICT_PROTOTYPES = YES;
				CLANG_WARN_SUSPICIOUS_MOVE = YES;
				CLANG_WARN_UNGUARDED_AVAILABILITY = YES_AGGRESSIVE;
				CLANG_WARN_UNREACHABLE_CODE = YES;
				CLANG_WARN__DUPLICATE_METHOD_MATCH = YES;
				COPY_PHASE_STRIP = NO;
				DEBUG_INFORMATION_FORMAT = dwarf;
				ENABLE_STRICT_OBJC_MSGSEND = YES;
				ENABLE_TESTABILITY = YES;
				GCC_C_LANGUAGE_STANDARD = gnu11;
				GCC_DYNAMIC_NO_PIC = NO;
				GCC_NO_COMMON_BLOCKS = YES;
				GCC_OPTIMIZATION_LEVEL = 0;
				GCC_PREPROCESSOR_DEFINITIONS = (
					"DEBUG=1",
					"$(inherited)",
				);
				GCC_WARN_64_TO_32_BIT_CONVERSION = YES;
				GCC_WARN_ABOUT_RETURN_TYPE = YES_ERROR;
				GCC_WARN_UNDECLARED_SELECTOR = YES;
				GCC_WARN_UNINITIALIZED_AUTOS = YES_AGGRESSIVE;
				GCC_WARN_UNUSED_FUNCTION = YES;
				GCC_WARN_UNUSED_VARIABLE = YES;
				IPHONEOS_DEPLOYMENT_TARGET = 16.4;
				MTL_ENABLE_DEBUG_INFO = INCLUDE_SOURCE;
				MTL_FAST_MATH = YES;
				ONLY_ACTIVE_ARCH = YES;
				SDKROOT = iphoneos;
				SWIFT_ACTIVE_COMPILATION_CONDITIONS = DEBUG;
				SWIFT_OPTIMIZATION_LEVEL = "-Onone";
			};
			name = Debug;
		};
		5D370C0E2AFD1898001089A7 /* Release */ = {
			isa = XCBuildConfiguration;
			buildSettings = {
				ALWAYS_SEARCH_USER_PATHS = NO;
				CLANG_ANALYZER_NONNULL = YES;
				CLANG_ANALYZER_NUMBER_OBJECT_CONVERSION = YES_AGGRESSIVE;
				CLANG_CXX_LANGUAGE_STANDARD = "gnu++20";
				CLANG_ENABLE_MODULES = YES;
				CLANG_ENABLE_OBJC_ARC = YES;
				CLANG_ENABLE_OBJC_WEAK = YES;
				CLANG_WARN_BLOCK_CAPTURE_AUTORELEASING = YES;
				CLANG_WARN_BOOL_CONVERSION = YES;
				CLANG_WARN_COMMA = YES;
				CLANG_WARN_CONSTANT_CONVERSION = YES;
				CLANG_WARN_DEPRECATED_OBJC_IMPLEMENTATIONS = YES;
				CLANG_WARN_DIRECT_OBJC_ISA_USAGE = YES_ERROR;
				CLANG_WARN_DOCUMENTATION_COMMENTS = YES;
				CLANG_WARN_EMPTY_BODY = YES;
				CLANG_WARN_ENUM_CONVERSION = YES;
				CLANG_WARN_INFINITE_RECURSION = YES;
				CLANG_WARN_INT_CONVERSION = YES;
				CLANG_WARN_NON_LITERAL_NULL_CONVERSION = YES;
				CLANG_WARN_OBJC_IMPLICIT_RETAIN_SELF = YES;
				CLANG_WARN_OBJC_LITERAL_CONVERSION = YES;
				CLANG_WARN_OBJC_ROOT_CLASS = YES_ERROR;
				CLANG_WARN_QUOTED_INCLUDE_IN_FRAMEWORK_HEADER = YES;
				CLANG_WARN_RANGE_LOOP_ANALYSIS = YES;
				CLANG_WARN_STRICT_PROTOTYPES = YES;
				CLANG_WARN_SUSPICIOUS_MOVE = YES;
				CLANG_WARN_UNGUARDED_AVAILABILITY = YES_AGGRESSIVE;
				CLANG_WARN_UNREACHABLE_CODE = YES;
				CLANG_WARN__DUPLICATE_METHOD_MATCH = YES;
				COPY_PHASE_STRIP = NO;
				DEBUG_INFORMATION_FORMAT = "dwarf-with-dsym";
				ENABLE_NS_ASSERTIONS = NO;
				ENABLE_STRICT_OBJC_MSGSEND = YES;
				GCC_C_LANGUAGE_STANDARD = gnu11;
				GCC_NO_COMMON_BLOCKS = YES;
				GCC_WARN_64_TO_32_BIT_CONVERSION = YES;
				GCC_WARN_ABOUT_RETURN_TYPE = YES_ERROR;
				GCC_WARN_UNDECLARED_SELECTOR = YES;
				GCC_WARN_UNINITIALIZED_AUTOS = YES_AGGRESSIVE;
				GCC_WARN_UNUSED_FUNCTION = YES;
				GCC_WARN_UNUSED_VARIABLE = YES;
				IPHONEOS_DEPLOYMENT_TARGET = 16.4;
				MTL_ENABLE_DEBUG_INFO = NO;
				MTL_FAST_MATH = YES;
				SDKROOT = iphoneos;
				SWIFT_COMPILATION_MODE = wholemodule;
				SWIFT_OPTIMIZATION_LEVEL = "-O";
				VALIDATE_PRODUCT = YES;
			};
			name = Release;
		};
		5D370C102AFD1898001089A7 /* Debug */ = {
			isa = XCBuildConfiguration;
			buildSettings = {
				ASSETCATALOG_COMPILER_APPICON_NAME = AppIcon;
				ASSETCATALOG_COMPILER_GLOBAL_ACCENT_COLOR_NAME = AccentColor;
				CODE_SIGN_STYLE = Automatic;
				CURRENT_PROJECT_VERSION = 1;
				GENERATE_INFOPLIST_FILE = YES;
				INFOPLIST_FILE = FinalProject_GroupB/Info.plist;
				INFOPLIST_KEY_UIApplicationSupportsIndirectInputEvents = YES;
				INFOPLIST_KEY_UILaunchStoryboardName = LaunchScreen;
				INFOPLIST_KEY_UIMainStoryboardFile = Main;
				INFOPLIST_KEY_UISupportedInterfaceOrientations_iPad = "UIInterfaceOrientationPortrait UIInterfaceOrientationPortraitUpsideDown UIInterfaceOrientationLandscapeLeft UIInterfaceOrientationLandscapeRight";
				INFOPLIST_KEY_UISupportedInterfaceOrientations_iPhone = "UIInterfaceOrientationPortrait UIInterfaceOrientationLandscapeLeft UIInterfaceOrientationLandscapeRight";
				LD_RUNPATH_SEARCH_PATHS = (
					"$(inherited)",
					"@executable_path/Frameworks",
				);
				MARKETING_VERSION = 1.0;
				PRODUCT_BUNDLE_IDENTIFIER = "ca.lasalle.FinalProject-GroupB";
				PRODUCT_NAME = "$(TARGET_NAME)";
				SWIFT_EMIT_LOC_STRINGS = YES;
				SWIFT_VERSION = 5.0;
				TARGETED_DEVICE_FAMILY = "1,2";
			};
			name = Debug;
		};
		5D370C112AFD1898001089A7 /* Release */ = {
			isa = XCBuildConfiguration;
			buildSettings = {
				ASSETCATALOG_COMPILER_APPICON_NAME = AppIcon;
				ASSETCATALOG_COMPILER_GLOBAL_ACCENT_COLOR_NAME = AccentColor;
				CODE_SIGN_STYLE = Automatic;
				CURRENT_PROJECT_VERSION = 1;
				GENERATE_INFOPLIST_FILE = YES;
				INFOPLIST_FILE = FinalProject_GroupB/Info.plist;
				INFOPLIST_KEY_UIApplicationSupportsIndirectInputEvents = YES;
				INFOPLIST_KEY_UILaunchStoryboardName = LaunchScreen;
				INFOPLIST_KEY_UIMainStoryboardFile = Main;
				INFOPLIST_KEY_UISupportedInterfaceOrientations_iPad = "UIInterfaceOrientationPortrait UIInterfaceOrientationPortraitUpsideDown UIInterfaceOrientationLandscapeLeft UIInterfaceOrientationLandscapeRight";
				INFOPLIST_KEY_UISupportedInterfaceOrientations_iPhone = "UIInterfaceOrientationPortrait UIInterfaceOrientationLandscapeLeft UIInterfaceOrientationLandscapeRight";
				LD_RUNPATH_SEARCH_PATHS = (
					"$(inherited)",
					"@executable_path/Frameworks",
				);
				MARKETING_VERSION = 1.0;
				PRODUCT_BUNDLE_IDENTIFIER = "ca.lasalle.FinalProject-GroupB";
				PRODUCT_NAME = "$(TARGET_NAME)";
				SWIFT_EMIT_LOC_STRINGS = YES;
				SWIFT_VERSION = 5.0;
				TARGETED_DEVICE_FAMILY = "1,2";
			};
			name = Release;
		};
/* End XCBuildConfiguration section */

/* Begin XCConfigurationList section */
		5D370BF32AFD1896001089A7 /* Build configuration list for PBXProject "FinalProject_GroupB" */ = {
			isa = XCConfigurationList;
			buildConfigurations = (
				5D370C0D2AFD1898001089A7 /* Debug */,
				5D370C0E2AFD1898001089A7 /* Release */,
			);
			defaultConfigurationIsVisible = 0;
			defaultConfigurationName = Release;
		};
		5D370C0F2AFD1898001089A7 /* Build configuration list for PBXNativeTarget "FinalProject_GroupB" */ = {
			isa = XCConfigurationList;
			buildConfigurations = (
				5D370C102AFD1898001089A7 /* Debug */,
				5D370C112AFD1898001089A7 /* Release */,
			);
			defaultConfigurationIsVisible = 0;
			defaultConfigurationName = Release;
		};
/* End XCConfigurationList section */

/* Begin XCVersionGroup section */
		5D370C042AFD1896001089A7 /* FinalProject_GroupB.xcdatamodeld */ = {
			isa = XCVersionGroup;
			children = (
				5D370C052AFD1896001089A7 /* FinalProject_GroupB.xcdatamodel */,
			);
			currentVersion = 5D370C052AFD1896001089A7 /* FinalProject_GroupB.xcdatamodel */;
			path = FinalProject_GroupB.xcdatamodeld;
			sourceTree = "<group>";
			versionGroupType = wrapper.xcdatamodel;
		};
/* End XCVersionGroup section */
	};
	rootObject = 5D370BF02AFD1896001089A7 /* Project object */;
}
